
Microsoft Visual Studio Solution File, Format Version 12.00
# Visual Studio Version 16
VisualStudioVersion = 16.0.29709.97
MinimumVisualStudioVersion = 10.0.40219.1
Project("{FAE04EC0-301F-11D3-BF4B-00C04F79EFBC}") = "SpecflowHomework1", "SpecflowHomework1\SpecflowHomework1.csproj", "{3807EA09-86DF-4CE8-AC6F-7DFF8EEE61F3}"
EndProject
Global
	GlobalSection(SolutionConfigurationPlatforms) = preSolution
		Debug|Any CPU = Debug|Any CPU
		Release|Any CPU = Release|Any CPU
	EndGlobalSection
	GlobalSection(ProjectConfigurationPlatforms) = postSolution
		{3807EA09-86DF-4CE8-AC6F-7DFF8EEE61F3}.Debug|Any CPU.ActiveCfg = Debug|Any CPU
		{3807EA09-86DF-4CE8-AC6F-7DFF8EEE61F3}.Debug|Any CPU.Build.0 = Debug|Any CPU
		{3807EA09-86DF-4CE8-AC6F-7DFF8EEE61F3}.Release|Any CPU.ActiveCfg = Release|Any CPU
		{3807EA09-86DF-4CE8-AC6F-7DFF8EEE61F3}.Release|Any CPU.Build.0 = Release|Any CPU
	EndGlobalSection
	GlobalSection(SolutionProperties) = preSolution
		HideSolutionNode = FALSE
	EndGlobalSection
	GlobalSection(ExtensibilityGlobals) = postSolution
		SolutionGuid = {674A48E8-7DE0-4838-A3EF-6018A7775381}
	EndGlobalSection
EndGlobal
